// !$*UTF8*$!
{
	archiveVersion = 1;
	classes = {
	};
	objectVersion = 77;
	objects = {

/* Begin PBXContainerItemProxy section */
		242AC8902D9EE2B100A7E532 /* PBXContainerItemProxy */ = {
			isa = PBXContainerItemProxy;
			containerPortal = 242AC87A2D9EE2AF00A7E532 /* Project object */;
			proxyType = 1;
			remoteGlobalIDString = 242AC8812D9EE2AF00A7E532;
			remoteInfo = FocusFrame;
		};
		242AC89A2D9EE2B100A7E532 /* PBXContainerItemProxy */ = {
			isa = PBXContainerItemProxy;
			containerPortal = 242AC87A2D9EE2AF00A7E532 /* Project object */;
			proxyType = 1;
			remoteGlobalIDString = 242AC8812D9EE2AF00A7E532;
			remoteInfo = FocusFrame;
		};
/* End PBXContainerItemProxy section */

/* Begin PBXFileReference section */
		242AC8822D9EE2AF00A7E532 /* FocusFrame.app */ = {isa = PBXFileReference; explicitFileType = wrapper.application; includeInIndex = 0; path = FocusFrame.app; sourceTree = BUILT_PRODUCTS_DIR; };
		242AC88F2D9EE2B100A7E532 /* FocusFrameTests.xctest */ = {isa = PBXFileReference; explicitFileType = wrapper.cfbundle; includeInIndex = 0; path = FocusFrameTests.xctest; sourceTree = BUILT_PRODUCTS_DIR; };
		242AC8992D9EE2B100A7E532 /* FocusFrameUITests.xctest */ = {isa = PBXFileReference; explicitFileType = wrapper.cfbundle; includeInIndex = 0; path = FocusFrameUITests.xctest; sourceTree = BUILT_PRODUCTS_DIR; };
/* End PBXFileReference section */

/* Begin PBXFileSystemSynchronizedRootGroup section */
		242AC8842D9EE2AF00A7E532 /* FocusFrame */ = {
			isa = PBXFileSystemSynchronizedRootGroup;
			path = FocusFrame;
			sourceTree = "<group>";
		};
		242AC8922D9EE2B100A7E532 /* FocusFrameTests */ = {
			isa = PBXFileSystemSynchronizedRootGroup;
			path = FocusFrameTests;
			sourceTree = "<group>";
		};
		242AC89C2D9EE2B100A7E532 /* FocusFrameUITests */ = {
			isa = PBXFileSystemSynchronizedRootGroup;
			path = FocusFrameUITests;
			sourceTree = "<group>";
		};
/* End PBXFileSystemSynchronizedRootGroup section */

/* Begin PBXFrameworksBuildPhase section */
		242AC87F2D9EE2AF00A7E532 /* Frameworks */ = {
			isa = PBXFrameworksBuildPhase;
			buildActionMask = 2147483647;
			files = (
			);
			runOnlyForDeploymentPostprocessing = 0;
		};
		242AC88C2D9EE2B100A7E532 /* Frameworks */ = {
			isa = PBXFrameworksBuildPhase;
			buildActionMask = 2147483647;
			files = (
			);
			runOnlyForDeploymentPostprocessing = 0;
		};
		242AC8962D9EE2B100A7E532 /* Frameworks */ = {
			isa = PBXFrameworksBuildPhase;
			buildActionMask = 2147483647;
			files = (
			);
			runOnlyForDeploymentPostprocessing = 0;
		};
/* End PBXFrameworksBuildPhase section */

/* Begin PBXGroup section */
		242AC8792D9EE2AF00A7E532 = {
			isa = PBXGroup;
			children = (
				242AC8842D9EE2AF00A7E532 /* FocusFrame */,
				242AC8922D9EE2B100A7E532 /* FocusFrameTests */,
				242AC89C2D9EE2B100A7E532 /* FocusFrameUITests */,
				242AC8832D9EE2AF00A7E532 /* Products */,
			);
			sourceTree = "<group>";
		};
		242AC8832D9EE2AF00A7E532 /* Products */ = {
			isa = PBXGroup;
			children = (
				242AC8822D9EE2AF00A7E532 /* FocusFrame.app */,
				242AC88F2D9EE2B100A7E532 /* FocusFrameTests.xctest */,
				242AC8992D9EE2B100A7E532 /* FocusFrameUITests.xctest */,
			);
			name = Products;
			sourceTree = "<group>";
		};
/* End PBXGroup section */

/* Begin PBXNativeTarget section */
		242AC8812D9EE2AF00A7E532 /* FocusFrame */ = {
			isa = PBXNativeTarget;
			buildConfigurationList = 242AC8A32D9EE2B100A7E532 /* Build configuration list for PBXNativeTarget "FocusFrame" */;
			buildPhases = (
				242AC87E2D9EE2AF00A7E532 /* Sources */,
				242AC87F2D9EE2AF00A7E532 /* Frameworks */,
				242AC8802D9EE2AF00A7E532 /* Resources */,
			);
			buildRules = (
			);
			dependencies = (
			);
			fileSystemSynchronizedGroups = (
				242AC8842D9EE2AF00A7E532 /* FocusFrame */,
			);
			name = FocusFrame;
			packageProductDependencies = (
			);
			productName = FocusFrame;
			productReference = 242AC8822D9EE2AF00A7E532 /* FocusFrame.app */;
			productType = "com.apple.product-type.application";
		};
		242AC88E2D9EE2B100A7E532 /* FocusFrameTests */ = {
			isa = PBXNativeTarget;
			buildConfigurationList = 242AC8A62D9EE2B100A7E532 /* Build configuration list for PBXNativeTarget "FocusFrameTests" */;
			buildPhases = (
				242AC88B2D9EE2B100A7E532 /* Sources */,
				242AC88C2D9EE2B100A7E532 /* Frameworks */,
				242AC88D2D9EE2B100A7E532 /* Resources */,
			);
			buildRules = (
			);
			dependencies = (
				242AC8912D9EE2B100A7E532 /* PBXTargetDependency */,
			);
			fileSystemSynchronizedGroups = (
				242AC8922D9EE2B100A7E532 /* FocusFrameTests */,
			);
			name = FocusFrameTests;
			packageProductDependencies = (
			);
			productName = FocusFrameTests;
			productReference = 242AC88F2D9EE2B100A7E532 /* FocusFrameTests.xctest */;
			productType = "com.apple.product-type.bundle.unit-test";
		};
		242AC8982D9EE2B100A7E532 /* FocusFrameUITests */ = {
			isa = PBXNativeTarget;
			buildConfigurationList = 242AC8A92D9EE2B100A7E532 /* Build configuration list for PBXNativeTarget "FocusFrameUITests" */;
			buildPhases = (
				242AC8952D9EE2B100A7E532 /* Sources */,
				242AC8962D9EE2B100A7E532 /* Frameworks */,
				242AC8972D9EE2B100A7E532 /* Resources */,
			);
			buildRules = (
			);
			dependencies = (
				242AC89B2D9EE2B100A7E532 /* PBXTargetDependency */,
			);
			fileSystemSynchronizedGroups = (
				242AC89C2D9EE2B100A7E532 /* FocusFrameUITests */,
			);
			name = FocusFrameUITests;
			packageProductDependencies = (
			);
			productName = FocusFrameUITests;
			productReference = 242AC8992D9EE2B100A7E532 /* FocusFrameUITests.xctest */;
			productType = "com.apple.product-type.bundle.ui-testing";
		};
/* End PBXNativeTarget section */

/* Begin PBXProject section */
		242AC87A2D9EE2AF00A7E532 /* Project object */ = {
			isa = PBXProject;
			attributes = {
				BuildIndependentTargetsInParallel = 1;
				LastSwiftUpdateCheck = 1630;
				LastUpgradeCheck = 1630;
				TargetAttributes = {
					242AC8812D9EE2AF00A7E532 = {
						CreatedOnToolsVersion = 16.3;
					};
					242AC88E2D9EE2B100A7E532 = {
						CreatedOnToolsVersion = 16.3;
						TestTargetID = 242AC8812D9EE2AF00A7E532;
					};
					242AC8982D9EE2B100A7E532 = {
						CreatedOnToolsVersion = 16.3;
						TestTargetID = 242AC8812D9EE2AF00A7E532;
					};
				};
			};
			buildConfigurationList = 242AC87D2D9EE2AF00A7E532 /* Build configuration list for PBXProject "FocusFrame" */;
			developmentRegion = en;
			hasScannedForEncodings = 0;
			knownRegions = (
				en,
				Base,
			);
			mainGroup = 242AC8792D9EE2AF00A7E532;
			minimizedProjectReferenceProxies = 1;
			preferredProjectObjectVersion = 77;
			productRefGroup = 242AC8832D9EE2AF00A7E532 /* Products */;
			projectDirPath = "";
			projectRoot = "";
			targets = (
				242AC8812D9EE2AF00A7E532 /* FocusFrame */,
				242AC88E2D9EE2B100A7E532 /* FocusFrameTests */,
				242AC8982D9EE2B100A7E532 /* FocusFrameUITests */,
			);
		};
/* End PBXProject section */

/* Begin PBXResourcesBuildPhase section */
		242AC8802D9EE2AF00A7E532 /* Resources */ = {
			isa = PBXResourcesBuildPhase;
			buildActionMask = 2147483647;
			files = (
			);
			runOnlyForDeploymentPostprocessing = 0;
		};
		242AC88D2D9EE2B100A7E532 /* Resources */ = {
			isa = PBXResourcesBuildPhase;
			buildActionMask = 2147483647;
			files = (
			);
			runOnlyForDeploymentPostprocessing = 0;
		};
		242AC8972D9EE2B100A7E532 /* Resources */ = {
			isa = PBXResourcesBuildPhase;
			buildActionMask = 2147483647;
			files = (
			);
			runOnlyForDeploymentPostprocessing = 0;
		};
/* End PBXResourcesBuildPhase section */

/* Begin PBXSourcesBuildPhase section */
		242AC87E2D9EE2AF00A7E532 /* Sources */ = {
			isa = PBXSourcesBuildPhase;
			buildActionMask = 2147483647;
			files = (
			);
			runOnlyForDeploymentPostprocessing = 0;
		};
		242AC88B2D9EE2B100A7E532 /* Sources */ = {
			isa = PBXSourcesBuildPhase;
			buildActionMask = 2147483647;
			files = (
			);
			runOnlyForDeploymentPostprocessing = 0;
		};
		242AC8952D9EE2B100A7E532 /* Sources */ = {
			isa = PBXSourcesBuildPhase;
			buildActionMask = 2147483647;
			files = (
			);
			runOnlyForDeploymentPostprocessing = 0;
		};
/* End PBXSourcesBuildPhase section */

/* Begin PBXTargetDependency section */
		242AC8912D9EE2B100A7E532 /* PBXTargetDependency */ = {
			isa = PBXTargetDependency;
			target = 242AC8812D9EE2AF00A7E532 /* FocusFrame */;
			targetProxy = 242AC8902D9EE2B100A7E532 /* PBXContainerItemProxy */;
		};
		242AC89B2D9EE2B100A7E532 /* PBXTargetDependency */ = {
			isa = PBXTargetDependency;
			target = 242AC8812D9EE2AF00A7E532 /* FocusFrame */;
			targetProxy = 242AC89A2D9EE2B100A7E532 /* PBXContainerItemProxy */;
		};
/* End PBXTargetDependency section */

/* Begin XCBuildConfiguration section */
		242AC8A12D9EE2B100A7E532 /* Debug */ = {
			isa = XCBuildConfiguration;
			buildSettings = {
				ALWAYS_SEARCH_USER_PATHS = NO;
				ASSETCATALOG_COMPILER_GENERATE_SWIFT_ASSET_SYMBOL_EXTENSIONS = YES;
				CLANG_ANALYZER_NONNULL = YES;
				CLANG_ANALYZER_NUMBER_OBJECT_CONVERSION = YES_AGGRESSIVE;
				CLANG_CXX_LANGUAGE_STANDARD = "gnu++20";
				CLANG_ENABLE_MODULES = YES;
				CLANG_ENABLE_OBJC_ARC = YES;
				CLANG_ENABLE_OBJC_WEAK = YES;
				CLANG_WARN_BLOCK_CAPTURE_AUTORELEASING = YES;
				CLANG_WARN_BOOL_CONVERSION = YES;
				CLANG_WARN_COMMA = YES;
				CLANG_WARN_CONSTANT_CONVERSION = YES;
				CLANG_WARN_DEPRECATED_OBJC_IMPLEMENTATIONS = YES;
				CLANG_WARN_DIRECT_OBJC_ISA_USAGE = YES_ERROR;
				CLANG_WARN_DOCUMENTATION_COMMENTS = YES;
				CLANG_WARN_EMPTY_BODY = YES;
				CLANG_WARN_ENUM_CONVERSION = YES;
				CLANG_WARN_INFINITE_RECURSION = YES;
				CLANG_WARN_INT_CONVERSION = YES;
				CLANG_WARN_NON_LITERAL_NULL_CONVERSION = YES;
				CLANG_WARN_OBJC_IMPLICIT_RETAIN_SELF = YES;
				CLANG_WARN_OBJC_LITERAL_CONVERSION = YES;
				CLANG_WARN_OBJC_ROOT_CLASS = YES_ERROR;
				CLANG_WARN_QUOTED_INCLUDE_IN_FRAMEWORK_HEADER = YES;
				CLANG_WARN_RANGE_LOOP_ANALYSIS = YES;
				CLANG_WARN_STRICT_PROTOTYPES = YES;
				CLANG_WARN_SUSPICIOUS_MOVE = YES;
				CLANG_WARN_UNGUARDED_AVAILABILITY = YES_AGGRESSIVE;
				CLANG_WARN_UNREACHABLE_CODE = YES;
				CLANG_WARN__DUPLICATE_METHOD_MATCH = YES;
				COPY_PHASE_STRIP = NO;
				DEBUG_INFORMATION_FORMAT = dwarf;
				ENABLE_STRICT_OBJC_MSGSEND = YES;
				ENABLE_TESTABILITY = YES;
				ENABLE_USER_SCRIPT_SANDBOXING = YES;
				GCC_C_LANGUAGE_STANDARD = gnu17;
				GCC_DYNAMIC_NO_PIC = NO;
				GCC_NO_COMMON_BLOCKS = YES;
				GCC_OPTIMIZATION_LEVEL = 0;
				GCC_PREPROCESSOR_DEFINITIONS = (
					"DEBUG=1",
					"$(inherited)",
				);
				GCC_WARN_64_TO_32_BIT_CONVERSION = YES;
				GCC_WARN_ABOUT_RETURN_TYPE = YES_ERROR;
				GCC_WARN_UNDECLARED_SELECTOR = YES;
				GCC_WARN_UNINITIALIZED_AUTOS = YES_AGGRESSIVE;
				GCC_WARN_UNUSED_FUNCTION = YES;
				GCC_WARN_UNUSED_VARIABLE = YES;
				IPHONEOS_DEPLOYMENT_TARGET = 18.4;
				LOCALIZATION_PREFERS_STRING_CATALOGS = YES;
				MTL_ENABLE_DEBUG_INFO = INCLUDE_SOURCE;
				MTL_FAST_MATH = YES;
				ONLY_ACTIVE_ARCH = YES;
				SDKROOT = iphoneos;
				SWIFT_ACTIVE_COMPILATION_CONDITIONS = "DEBUG $(inherited)";
				SWIFT_OPTIMIZATION_LEVEL = "-Onone";
			};
			name = Debug;
		};
		242AC8A22D9EE2B100A7E532 /* Release */ = {
			isa = XCBuildConfiguration;
			buildSettings = {
				ALWAYS_SEARCH_USER_PATHS = NO;
				ASSETCATALOG_COMPILER_GENERATE_SWIFT_ASSET_SYMBOL_EXTENSIONS = YES;
				CLANG_ANALYZER_NONNULL = YES;
				CLANG_ANALYZER_NUMBER_OBJECT_CONVERSION = YES_AGGRESSIVE;
				CLANG_CXX_LANGUAGE_STANDARD = "gnu++20";
				CLANG_ENABLE_MODULES = YES;
				CLANG_ENABLE_OBJC_ARC = YES;
				CLANG_ENABLE_OBJC_WEAK = YES;
				CLANG_WARN_BLOCK_CAPTURE_AUTORELEASING = YES;
				CLANG_WARN_BOOL_CONVERSION = YES;
				CLANG_WARN_COMMA = YES;
				CLANG_WARN_CONSTANT_CONVERSION = YES;
				CLANG_WARN_DEPRECATED_OBJC_IMPLEMENTATIONS = YES;
				CLANG_WARN_DIRECT_OBJC_ISA_USAGE = YES_ERROR;
				CLANG_WARN_DOCUMENTATION_COMMENTS = YES;
				CLANG_WARN_EMPTY_BODY = YES;
				CLANG_WARN_ENUM_CONVERSION = YES;
				CLANG_WARN_INFINITE_RECURSION = YES;
				CLANG_WARN_INT_CONVERSION = YES;
				CLANG_WARN_NON_LITERAL_NULL_CONVERSION = YES;
				CLANG_WARN_OBJC_IMPLICIT_RETAIN_SELF = YES;
				CLANG_WARN_OBJC_LITERAL_CONVERSION = YES;
				CLANG_WARN_OBJC_ROOT_CLASS = YES_ERROR;
				CLANG_WARN_QUOTED_INCLUDE_IN_FRAMEWORK_HEADER = YES;
				CLANG_WARN_RANGE_LOOP_ANALYSIS = YES;
				CLANG_WARN_STRICT_PROTOTYPES = YES;
				CLANG_WARN_SUSPICIOUS_MOVE = YES;
				CLANG_WARN_UNGUARDED_AVAILABILITY = YES_AGGRESSIVE;
				CLANG_WARN_UNREACHABLE_CODE = YES;
				CLANG_WARN__DUPLICATE_METHOD_MATCH = YES;
				COPY_PHASE_STRIP = NO;
				DEBUG_INFORMATION_FORMAT = "dwarf-with-dsym";
				ENABLE_NS_ASSERTIONS = NO;
				ENABLE_STRICT_OBJC_MSGSEND = YES;
				ENABLE_USER_SCRIPT_SANDBOXING = YES;
				GCC_C_LANGUAGE_STANDARD = gnu17;
				GCC_NO_COMMON_BLOCKS = YES;
				GCC_WARN_64_TO_32_BIT_CONVERSION = YES;
				GCC_WARN_ABOUT_RETURN_TYPE = YES_ERROR;
				GCC_WARN_UNDECLARED_SELECTOR = YES;
				GCC_WARN_UNINITIALIZED_AUTOS = YES_AGGRESSIVE;
				GCC_WARN_UNUSED_FUNCTION = YES;
				GCC_WARN_UNUSED_VARIABLE = YES;
				IPHONEOS_DEPLOYMENT_TARGET = 18.4;
				LOCALIZATION_PREFERS_STRING_CATALOGS = YES;
				MTL_ENABLE_DEBUG_INFO = NO;
				MTL_FAST_MATH = YES;
				SDKROOT = iphoneos;
				SWIFT_COMPILATION_MODE = wholemodule;
				VALIDATE_PRODUCT = YES;
			};
			name = Release;
		};
		242AC8A42D9EE2B100A7E532 /* Debug */ = {
			isa = XCBuildConfiguration;
			buildSettings = {
				ASSETCATALOG_COMPILER_APPICON_NAME = AppIcon;
				ASSETCATALOG_COMPILER_GLOBAL_ACCENT_COLOR_NAME = AccentColor;
				CODE_SIGN_STYLE = Automatic;
				CURRENT_PROJECT_VERSION = 1;
				ENABLE_PREVIEWS = YES;
				GENERATE_INFOPLIST_FILE = YES;
				INFOPLIST_KEY_UIApplicationSceneManifest_Generation = YES;
				INFOPLIST_KEY_UIApplicationSupportsIndirectInputEvents = YES;
				INFOPLIST_KEY_UILaunchScreen_Generation = YES;
				INFOPLIST_KEY_UISupportedInterfaceOrientations_iPad = "UIInterfaceOrientationPortrait UIInterfaceOrientationPortraitUpsideDown UIInterfaceOrientationLandscapeLeft UIInterfaceOrientationLandscapeRight";
				INFOPLIST_KEY_UISupportedInterfaceOrientations_iPhone = "UIInterfaceOrientationPortrait UIInterfaceOrientationLandscapeLeft UIInterfaceOrientationLandscapeRight";
				LD_RUNPATH_SEARCH_PATHS = (
					"$(inherited)",
					"@executable_path/Frameworks",
				);
				MARKETING_VERSION = 1.0;
				PRODUCT_BUNDLE_IDENTIFIER = "Code-Daily.FocusFrame";
				PRODUCT_NAME = "$(TARGET_NAME)";
				SWIFT_EMIT_LOC_STRINGS = YES;
				SWIFT_VERSION = 5.0;
				TARGETED_DEVICE_FAMILY = "1,2";
			};
			name = Debug;
		};
		242AC8A52D9EE2B100A7E532 /* Release */ = {
			isa = XCBuildConfiguration;
			buildSettings = {
				ASSETCATALOG_COMPILER_APPICON_NAME = AppIcon;
				ASSETCATALOG_COMPILER_GLOBAL_ACCENT_COLOR_NAME = AccentColor;
				CODE_SIGN_STYLE = Automatic;
				CURRENT_PROJECT_VERSION = 1;
				ENABLE_PREVIEWS = YES;
				GENERATE_INFOPLIST_FILE = YES;
				INFOPLIST_KEY_UIApplicationSceneManifest_Generation = YES;
				INFOPLIST_KEY_UIApplicationSupportsIndirectInputEvents = YES;
				INFOPLIST_KEY_UILaunchScreen_Generation = YES;
				INFOPLIST_KEY_UISupportedInterfaceOrientations_iPad = "UIInterfaceOrientationPortrait UIInterfaceOrientationPortraitUpsideDown UIInterfaceOrientationLandscapeLeft UIInterfaceOrientationLandscapeRight";
				INFOPLIST_KEY_UISupportedInterfaceOrientations_iPhone = "UIInterfaceOrientationPortrait UIInterfaceOrientationLandscapeLeft UIInterfaceOrientationLandscapeRight";
				LD_RUNPATH_SEARCH_PATHS = (
					"$(inherited)",
					"@executable_path/Frameworks",
				);
				MARKETING_VERSION = 1.0;
				PRODUCT_BUNDLE_IDENTIFIER = "Code-Daily.FocusFrame";
				PRODUCT_NAME = "$(TARGET_NAME)";
				SWIFT_EMIT_LOC_STRINGS = YES;
				SWIFT_VERSION = 5.0;
				TARGETED_DEVICE_FAMILY = "1,2";
			};
			name = Release;
		};
		242AC8A72D9EE2B100A7E532 /* Debug */ = {
			isa = XCBuildConfiguration;
			buildSettings = {
				BUNDLE_LOADER = "$(TEST_HOST)";
				CODE_SIGN_STYLE = Automatic;
				CURRENT_PROJECT_VERSION = 1;
				GENERATE_INFOPLIST_FILE = YES;
				IPHONEOS_DEPLOYMENT_TARGET = 18.4;
				MARKETING_VERSION = 1.0;
				PRODUCT_BUNDLE_IDENTIFIER = "Code-Daily.FocusFrameTests";
				PRODUCT_NAME = "$(TARGET_NAME)";
				SWIFT_EMIT_LOC_STRINGS = NO;
				SWIFT_VERSION = 5.0;
				TARGETED_DEVICE_FAMILY = "1,2";
				TEST_HOST = "$(BUILT_PRODUCTS_DIR)/FocusFrame.app/$(BUNDLE_EXECUTABLE_FOLDER_PATH)/FocusFrame";
			};
			name = Debug;
		};
		242AC8A82D9EE2B100A7E532 /* Release */ = {
			isa = XCBuildConfiguration;
			buildSettings = {
				BUNDLE_LOADER = "$(TEST_HOST)";
				CODE_SIGN_STYLE = Automatic;
				CURRENT_PROJECT_VERSION = 1;
				GENERATE_INFOPLIST_FILE = YES;
				IPHONEOS_DEPLOYMENT_TARGET = 18.4;
				MARKETING_VERSION = 1.0;
				PRODUCT_BUNDLE_IDENTIFIER = "Code-Daily.FocusFrameTests";
				PRODUCT_NAME = "$(TARGET_NAME)";
				SWIFT_EMIT_LOC_STRINGS = NO;
				SWIFT_VERSION = 5.0;
				TARGETED_DEVICE_FAMILY = "1,2";
				TEST_HOST = "$(BUILT_PRODUCTS_DIR)/FocusFrame.app/$(BUNDLE_EXECUTABLE_FOLDER_PATH)/FocusFrame";
			};
			name = Release;
		};
		242AC8AA2D9EE2B100A7E532 /* Debug */ = {
			isa = XCBuildConfiguration;
			buildSettings = {
				CODE_SIGN_STYLE = Automatic;
				CURRENT_PROJECT_VERSION = 1;
				GENERATE_INFOPLIST_FILE = YES;
				MARKETING_VERSION = 1.0;
				PRODUCT_BUNDLE_IDENTIFIER = "Code-Daily.FocusFrameUITests";
				PRODUCT_NAME = "$(TARGET_NAME)";
				SWIFT_EMIT_LOC_STRINGS = NO;
				SWIFT_VERSION = 5.0;
				TARGETED_DEVICE_FAMILY = "1,2";
				TEST_TARGET_NAME = FocusFrame;
			};
			name = Debug;
		};
		242AC8AB2D9EE2B100A7E532 /* Release */ = {
			isa = XCBuildConfiguration;
			buildSettings = {
				CODE_SIGN_STYLE = Automatic;
				CURRENT_PROJECT_VERSION = 1;
				GENERATE_INFOPLIST_FILE = YES;
				MARKETING_VERSION = 1.0;
				PRODUCT_BUNDLE_IDENTIFIER = "Code-Daily.FocusFrameUITests";
				PRODUCT_NAME = "$(TARGET_NAME)";
				SWIFT_EMIT_LOC_STRINGS = NO;
				SWIFT_VERSION = 5.0;
				TARGETED_DEVICE_FAMILY = "1,2";
				TEST_TARGET_NAME = FocusFrame;
			};
			name = Release;
		};
/* End XCBuildConfiguration section */

/* Begin XCConfigurationList section */
		242AC87D2D9EE2AF00A7E532 /* Build configuration list for PBXProject "FocusFrame" */ = {
			isa = XCConfigurationList;
			buildConfigurations = (
				242AC8A12D9EE2B100A7E532 /* Debug */,
				242AC8A22D9EE2B100A7E532 /* Release */,
			);
			defaultConfigurationIsVisible = 0;
			defaultConfigurationName = Release;
		};
		242AC8A32D9EE2B100A7E532 /* Build configuration list for PBXNativeTarget "FocusFrame" */ = {
			isa = XCConfigurationList;
			buildConfigurations = (
				242AC8A42D9EE2B100A7E532 /* Debug */,
				242AC8A52D9EE2B100A7E532 /* Release */,
			);
			defaultConfigurationIsVisible = 0;
			defaultConfigurationName = Release;
		};
		242AC8A62D9EE2B100A7E532 /* Build configuration list for PBXNativeTarget "FocusFrameTests" */ = {
			isa = XCConfigurationList;
			buildConfigurations = (
				242AC8A72D9EE2B100A7E532 /* Debug */,
				242AC8A82D9EE2B100A7E532 /* Release */,
			);
			defaultConfigurationIsVisible = 0;
			defaultConfigurationName = Release;
		};
		242AC8A92D9EE2B100A7E532 /* Build configuration list for PBXNativeTarget "FocusFrameUITests" */ = {
			isa = XCConfigurationList;
			buildConfigurations = (
				242AC8AA2D9EE2B100A7E532 /* Debug */,
				242AC8AB2D9EE2B100A7E532 /* Release */,
			);
			defaultConfigurationIsVisible = 0;
			defaultConfigurationName = Release;
		};
/* End XCConfigurationList section */
	};
	rootObject = 242AC87A2D9EE2AF00A7E532 /* Project object */;
}
